
Microsoft Visual Studio Solution File, Format Version 12.00
# Visual Studio Version 17
VisualStudioVersion = 17.14.36221.1 d17.14
MinimumVisualStudioVersion = 10.0.40219.1
Project("{FAE04EC0-301F-11D3-BF4B-00C04F79EFBC}") = "DistributedAppExamUnicam", "DistributedAppExamUnicam.csproj", "{CEB1E2DD-FC50-4612-BCB3-B92DE279E970}"
EndProject
Global
	GlobalSection(SolutionConfigurationPlatforms) = preSolution
		Debug|Any CPU = Debug|Any CPU
		Release|Any CPU = Release|Any CPU
	EndGlobalSection
	GlobalSection(ProjectConfigurationPlatforms) = postSolution
		{CEB1E2DD-FC50-4612-BCB3-B92DE279E970}.Debug|Any CPU.ActiveCfg = Debug|Any CPU
		{CEB1E2DD-FC50-4612-BCB3-B92DE279E970}.Debug|Any CPU.Build.0 = Debug|Any CPU
		{CEB1E2DD-FC50-4612-BCB3-B92DE279E970}.Release|Any CPU.ActiveCfg = Release|Any CPU
		{CEB1E2DD-FC50-4612-BCB3-B92DE279E970}.Release|Any CPU.Build.0 = Release|Any CPU
	EndGlobalSection
	GlobalSection(SolutionProperties) = preSolution
		HideSolutionNode = FALSE
	EndGlobalSection
	GlobalSection(ExtensibilityGlobals) = postSolution
		SolutionGuid = {88AC600C-6FBB-405F-97A9-74A969F92304}
	EndGlobalSection
EndGlobal
